// !$*UTF8*$!
{
	archiveVersion = 1;
	classes = {
	};
	objectVersion = 50;
	objects = {

/* Begin PBXBuildFile section */
		3D518BDD23BF85150032B268 /* AppDelegate.swift in Sources */ = {isa = PBXBuildFile; fileRef = 3D518BDC23BF85150032B268 /* AppDelegate.swift */; };
		3D518BDF23BF85150032B268 /* SceneDelegate.swift in Sources */ = {isa = PBXBuildFile; fileRef = 3D518BDE23BF85150032B268 /* SceneDelegate.swift */; };
		3D518BE123BF85150032B268 /* ProgressDisplayViewController.swift in Sources */ = {isa = PBXBuildFile; fileRef = 3D518BE023BF85150032B268 /* ProgressDisplayViewController.swift */; };
		3D518BE323BF85180032B268 /* Assets.xcassets in Resources */ = {isa = PBXBuildFile; fileRef = 3D518BE223BF85180032B268 /* Assets.xcassets */; };
		3D518BE623BF85180032B268 /* Preview Assets.xcassets in Resources */ = {isa = PBXBuildFile; fileRef = 3D518BE523BF85180032B268 /* Preview Assets.xcassets */; };
		3D518BE923BF85180032B268 /* LaunchScreen.storyboard in Resources */ = {isa = PBXBuildFile; fileRef = 3D518BE723BF85180032B268 /* LaunchScreen.storyboard */; };
		3D518BF423BF85180032B268 /* ResponseMessageViewModelTests.swift in Sources */ = {isa = PBXBuildFile; fileRef = 3D518BF323BF85180032B268 /* ResponseMessageViewModelTests.swift */; };
		3D518C0523BF86E30032B268 /* ResponseMessage.swift in Sources */ = {isa = PBXBuildFile; fileRef = 3D518C0423BF86E30032B268 /* ResponseMessage.swift */; };
		3D518C0723BF87A30032B268 /* JSOperationLoader.swift in Sources */ = {isa = PBXBuildFile; fileRef = 3D518C0623BF87A30032B268 /* JSOperationLoader.swift */; };
		3D518C0923BF87BD0032B268 /* ResponseMessageViewModel.swift in Sources */ = {isa = PBXBuildFile; fileRef = 3D518C0823BF87BD0032B268 /* ResponseMessageViewModel.swift */; };
		3D518C0E23BFADB20032B268 /* ProgressTableViewCell.swift in Sources */ = {isa = PBXBuildFile; fileRef = 3D518C0D23BFADB20032B268 /* ProgressTableViewCell.swift */; };
		3D518C1023BFB6EA0032B268 /* IDLoader.swift in Sources */ = {isa = PBXBuildFile; fileRef = 3D518C0F23BFB6EA0032B268 /* IDLoader.swift */; };
		3DA7540723CE3C70009868AF /* ProgressDisplayLogicController.swift in Sources */ = {isa = PBXBuildFile; fileRef = 3DA7540623CE3C70009868AF /* ProgressDisplayLogicController.swift */; };
		3DA7540B23CE541C009868AF /* ProgressDisplayLogicControllerTests.swift in Sources */ = {isa = PBXBuildFile; fileRef = 3DA7540A23CE541C009868AF /* ProgressDisplayLogicControllerTests.swift */; };
/* End PBXBuildFile section */

/* Begin PBXContainerItemProxy section */
		3D518BF023BF85180032B268 /* PBXContainerItemProxy */ = {
			isa = PBXContainerItemProxy;
			containerPortal = 3D518BD123BF85150032B268 /* Project object */;
			proxyType = 1;
			remoteGlobalIDString = 3D518BD823BF85150032B268;
			remoteInfo = JumboProject;
		};
/* End PBXContainerItemProxy section */

/* Begin PBXFileReference section */
		3D518BD923BF85150032B268 /* JumboProject.app */ = {isa = PBXFileReference; explicitFileType = wrapper.application; includeInIndex = 0; path = JumboProject.app; sourceTree = BUILT_PRODUCTS_DIR; };
		3D518BDC23BF85150032B268 /* AppDelegate.swift */ = {isa = PBXFileReference; lastKnownFileType = sourcecode.swift; path = AppDelegate.swift; sourceTree = "<group>"; };
		3D518BDE23BF85150032B268 /* SceneDelegate.swift */ = {isa = PBXFileReference; lastKnownFileType = sourcecode.swift; path = SceneDelegate.swift; sourceTree = "<group>"; };
		3D518BE023BF85150032B268 /* ProgressDisplayViewController.swift */ = {isa = PBXFileReference; lastKnownFileType = sourcecode.swift; path = ProgressDisplayViewController.swift; sourceTree = "<group>"; };
		3D518BE223BF85180032B268 /* Assets.xcassets */ = {isa = PBXFileReference; lastKnownFileType = folder.assetcatalog; path = Assets.xcassets; sourceTree = "<group>"; };
		3D518BE523BF85180032B268 /* Preview Assets.xcassets */ = {isa = PBXFileReference; lastKnownFileType = folder.assetcatalog; path = "Preview Assets.xcassets"; sourceTree = "<group>"; };
		3D518BE823BF85180032B268 /* Base */ = {isa = PBXFileReference; lastKnownFileType = file.storyboard; name = Base; path = Base.lproj/LaunchScreen.storyboard; sourceTree = "<group>"; };
		3D518BEA23BF85180032B268 /* Info.plist */ = {isa = PBXFileReference; lastKnownFileType = text.plist.xml; path = Info.plist; sourceTree = "<group>"; };
		3D518BEF23BF85180032B268 /* JumboProjectTests.xctest */ = {isa = PBXFileReference; explicitFileType = wrapper.cfbundle; includeInIndex = 0; path = JumboProjectTests.xctest; sourceTree = BUILT_PRODUCTS_DIR; };
		3D518BF323BF85180032B268 /* ResponseMessageViewModelTests.swift */ = {isa = PBXFileReference; lastKnownFileType = sourcecode.swift; path = ResponseMessageViewModelTests.swift; sourceTree = "<group>"; };
		3D518BF523BF85180032B268 /* Info.plist */ = {isa = PBXFileReference; lastKnownFileType = text.plist.xml; path = Info.plist; sourceTree = "<group>"; };
		3D518C0423BF86E30032B268 /* ResponseMessage.swift */ = {isa = PBXFileReference; lastKnownFileType = sourcecode.swift; path = ResponseMessage.swift; sourceTree = "<group>"; };
		3D518C0623BF87A30032B268 /* JSOperationLoader.swift */ = {isa = PBXFileReference; lastKnownFileType = sourcecode.swift; path = JSOperationLoader.swift; sourceTree = "<group>"; };
		3D518C0823BF87BD0032B268 /* ResponseMessageViewModel.swift */ = {isa = PBXFileReference; lastKnownFileType = sourcecode.swift; path = ResponseMessageViewModel.swift; sourceTree = "<group>"; };
		3D518C0D23BFADB20032B268 /* ProgressTableViewCell.swift */ = {isa = PBXFileReference; lastKnownFileType = sourcecode.swift; path = ProgressTableViewCell.swift; sourceTree = "<group>"; };
		3D518C0F23BFB6EA0032B268 /* IDLoader.swift */ = {isa = PBXFileReference; lastKnownFileType = sourcecode.swift; path = IDLoader.swift; sourceTree = "<group>"; };
		3DA7540623CE3C70009868AF /* ProgressDisplayLogicController.swift */ = {isa = PBXFileReference; lastKnownFileType = sourcecode.swift; path = ProgressDisplayLogicController.swift; sourceTree = "<group>"; };
		3DA7540A23CE541C009868AF /* ProgressDisplayLogicControllerTests.swift */ = {isa = PBXFileReference; lastKnownFileType = sourcecode.swift; path = ProgressDisplayLogicControllerTests.swift; sourceTree = "<group>"; };
/* End PBXFileReference section */

/* Begin PBXFrameworksBuildPhase section */
		3D518BD623BF85150032B268 /* Frameworks */ = {
			isa = PBXFrameworksBuildPhase;
			buildActionMask = 2147483647;
			files = (
			);
			runOnlyForDeploymentPostprocessing = 0;
		};
		3D518BEC23BF85180032B268 /* Frameworks */ = {
			isa = PBXFrameworksBuildPhase;
			buildActionMask = 2147483647;
			files = (
			);
			runOnlyForDeploymentPostprocessing = 0;
		};
/* End PBXFrameworksBuildPhase section */

/* Begin PBXGroup section */
		3D518BD023BF85150032B268 = {
			isa = PBXGroup;
			children = (
				3D518BDB23BF85150032B268 /* JumboProject */,
				3D518BF223BF85180032B268 /* JumboProjectTests */,
				3D518BDA23BF85150032B268 /* Products */,
			);
			sourceTree = "<group>";
		};
		3D518BDA23BF85150032B268 /* Products */ = {
			isa = PBXGroup;
			children = (
				3D518BD923BF85150032B268 /* JumboProject.app */,
				3D518BEF23BF85180032B268 /* JumboProjectTests.xctest */,
			);
			name = Products;
			sourceTree = "<group>";
		};
		3D518BDB23BF85150032B268 /* JumboProject */ = {
			isa = PBXGroup;
			children = (
				3D518BFE23BF859D0032B268 /* Supporting Files */,
				3D518C0223BF85E50032B268 /* Views */,
				3D518C0123BF85E20032B268 /* Models */,
				3D518C0023BF85DC0032B268 /* Loaders */,
				3D518BFF23BF85A50032B268 /* Controllers */,
				3DA7540523CE3C4D009868AF /* Logic Controllers */,
				3D518C0323BF85EA0032B268 /* ViewModels */,
				3D518BE223BF85180032B268 /* Assets.xcassets */,
				3D518BEA23BF85180032B268 /* Info.plist */,
				3D518BE423BF85180032B268 /* Preview Content */,
			);
			path = JumboProject;
			sourceTree = "<group>";
		};
		3D518BE423BF85180032B268 /* Preview Content */ = {
			isa = PBXGroup;
			children = (
				3D518BE523BF85180032B268 /* Preview Assets.xcassets */,
			);
			path = "Preview Content";
			sourceTree = "<group>";
		};
		3D518BF223BF85180032B268 /* JumboProjectTests */ = {
			isa = PBXGroup;
			children = (
				3DA7540923CE53F9009868AF /* Logic Controllers */,
				3D518C0A23BF88510032B268 /* ViewModels */,
				3D518BF523BF85180032B268 /* Info.plist */,
			);
			path = JumboProjectTests;
			sourceTree = "<group>";
		};
		3D518BFE23BF859D0032B268 /* Supporting Files */ = {
			isa = PBXGroup;
			children = (
				3D518BE723BF85180032B268 /* LaunchScreen.storyboard */,
				3D518BDC23BF85150032B268 /* AppDelegate.swift */,
				3D518BDE23BF85150032B268 /* SceneDelegate.swift */,
			);
			path = "Supporting Files";
			sourceTree = "<group>";
		};
		3D518BFF23BF85A50032B268 /* Controllers */ = {
			isa = PBXGroup;
			children = (
				3D518BE023BF85150032B268 /* ProgressDisplayViewController.swift */,
			);
			path = Controllers;
			sourceTree = "<group>";
		};
		3D518C0023BF85DC0032B268 /* Loaders */ = {
			isa = PBXGroup;
			children = (
				3D518C0623BF87A30032B268 /* JSOperationLoader.swift */,
				3D518C0F23BFB6EA0032B268 /* IDLoader.swift */,
			);
			path = Loaders;
			sourceTree = "<group>";
		};
		3D518C0123BF85E20032B268 /* Models */ = {
			isa = PBXGroup;
			children = (
				3D518C0423BF86E30032B268 /* ResponseMessage.swift */,
			);
			path = Models;
			sourceTree = "<group>";
		};
		3D518C0223BF85E50032B268 /* Views */ = {
			isa = PBXGroup;
			children = (
				3D518C0D23BFADB20032B268 /* ProgressTableViewCell.swift */,
			);
			path = Views;
			sourceTree = "<group>";
		};
		3D518C0323BF85EA0032B268 /* ViewModels */ = {
			isa = PBXGroup;
			children = (
				3D518C0823BF87BD0032B268 /* ResponseMessageViewModel.swift */,
			);
			path = ViewModels;
			sourceTree = "<group>";
		};
		3D518C0A23BF88510032B268 /* ViewModels */ = {
			isa = PBXGroup;
			children = (
				3D518BF323BF85180032B268 /* ResponseMessageViewModelTests.swift */,
			);
			path = ViewModels;
			sourceTree = "<group>";
		};
		3DA7540523CE3C4D009868AF /* Logic Controllers */ = {
			isa = PBXGroup;
			children = (
				3DA7540623CE3C70009868AF /* ProgressDisplayLogicController.swift */,
			);
			path = "Logic Controllers";
			sourceTree = "<group>";
		};
		3DA7540923CE53F9009868AF /* Logic Controllers */ = {
			isa = PBXGroup;
			children = (
				3DA7540A23CE541C009868AF /* ProgressDisplayLogicControllerTests.swift */,
			);
			path = "Logic Controllers";
			sourceTree = "<group>";
		};
/* End PBXGroup section */

/* Begin PBXNativeTarget section */
		3D518BD823BF85150032B268 /* JumboProject */ = {
			isa = PBXNativeTarget;
			buildConfigurationList = 3D518BF823BF85180032B268 /* Build configuration list for PBXNativeTarget "JumboProject" */;
			buildPhases = (
				3D518BD523BF85150032B268 /* Sources */,
				3D518BD623BF85150032B268 /* Frameworks */,
				3D518BD723BF85150032B268 /* Resources */,
			);
			buildRules = (
			);
			dependencies = (
			);
			name = JumboProject;
			productName = JumboProject;
			productReference = 3D518BD923BF85150032B268 /* JumboProject.app */;
			productType = "com.apple.product-type.application";
		};
		3D518BEE23BF85180032B268 /* JumboProjectTests */ = {
			isa = PBXNativeTarget;
			buildConfigurationList = 3D518BFB23BF85180032B268 /* Build configuration list for PBXNativeTarget "JumboProjectTests" */;
			buildPhases = (
				3D518BEB23BF85180032B268 /* Sources */,
				3D518BEC23BF85180032B268 /* Frameworks */,
				3D518BED23BF85180032B268 /* Resources */,
			);
			buildRules = (
			);
			dependencies = (
				3D518BF123BF85180032B268 /* PBXTargetDependency */,
			);
			name = JumboProjectTests;
			productName = JumboProjectTests;
			productReference = 3D518BEF23BF85180032B268 /* JumboProjectTests.xctest */;
			productType = "com.apple.product-type.bundle.unit-test";
		};
/* End PBXNativeTarget section */

/* Begin PBXProject section */
		3D518BD123BF85150032B268 /* Project object */ = {
			isa = PBXProject;
			attributes = {
				LastSwiftUpdateCheck = 1130;
				LastUpgradeCheck = 1130;
				ORGANIZATIONNAME = "Yanik Simpson";
				TargetAttributes = {
					3D518BD823BF85150032B268 = {
						CreatedOnToolsVersion = 11.3;
					};
					3D518BEE23BF85180032B268 = {
						CreatedOnToolsVersion = 11.3;
						TestTargetID = 3D518BD823BF85150032B268;
					};
				};
			};
			buildConfigurationList = 3D518BD423BF85150032B268 /* Build configuration list for PBXProject "JumboProject" */;
			compatibilityVersion = "Xcode 9.3";
			developmentRegion = en;
			hasScannedForEncodings = 0;
			knownRegions = (
				en,
				Base,
			);
			mainGroup = 3D518BD023BF85150032B268;
			productRefGroup = 3D518BDA23BF85150032B268 /* Products */;
			projectDirPath = "";
			projectRoot = "";
			targets = (
				3D518BD823BF85150032B268 /* JumboProject */,
				3D518BEE23BF85180032B268 /* JumboProjectTests */,
			);
		};
/* End PBXProject section */

/* Begin PBXResourcesBuildPhase section */
		3D518BD723BF85150032B268 /* Resources */ = {
			isa = PBXResourcesBuildPhase;
			buildActionMask = 2147483647;
			files = (
				3D518BE923BF85180032B268 /* LaunchScreen.storyboard in Resources */,
				3D518BE623BF85180032B268 /* Preview Assets.xcassets in Resources */,
				3D518BE323BF85180032B268 /* Assets.xcassets in Resources */,
			);
			runOnlyForDeploymentPostprocessing = 0;
		};
		3D518BED23BF85180032B268 /* Resources */ = {
			isa = PBXResourcesBuildPhase;
			buildActionMask = 2147483647;
			files = (
			);
			runOnlyForDeploymentPostprocessing = 0;
		};
/* End PBXResourcesBuildPhase section */

/* Begin PBXSourcesBuildPhase section */
		3D518BD523BF85150032B268 /* Sources */ = {
			isa = PBXSourcesBuildPhase;
			buildActionMask = 2147483647;
			files = (
				3D518C0523BF86E30032B268 /* ResponseMessage.swift in Sources */,
				3D518C0923BF87BD0032B268 /* ResponseMessageViewModel.swift in Sources */,
				3D518C0E23BFADB20032B268 /* ProgressTableViewCell.swift in Sources */,
				3DA7540723CE3C70009868AF /* ProgressDisplayLogicController.swift in Sources */,
				3D518C0723BF87A30032B268 /* JSOperationLoader.swift in Sources */,
				3D518BDD23BF85150032B268 /* AppDelegate.swift in Sources */,
				3D518C1023BFB6EA0032B268 /* IDLoader.swift in Sources */,
				3D518BDF23BF85150032B268 /* SceneDelegate.swift in Sources */,
				3D518BE123BF85150032B268 /* ProgressDisplayViewController.swift in Sources */,
			);
			runOnlyForDeploymentPostprocessing = 0;
		};
		3D518BEB23BF85180032B268 /* Sources */ = {
			isa = PBXSourcesBuildPhase;
			buildActionMask = 2147483647;
			files = (
				3DA7540B23CE541C009868AF /* ProgressDisplayLogicControllerTests.swift in Sources */,
				3D518BF423BF85180032B268 /* ResponseMessageViewModelTests.swift in Sources */,
			);
			runOnlyForDeploymentPostprocessing = 0;
		};
/* End PBXSourcesBuildPhase section */

/* Begin PBXTargetDependency section */
		3D518BF123BF85180032B268 /* PBXTargetDependency */ = {
			isa = PBXTargetDependency;
			target = 3D518BD823BF85150032B268 /* JumboProject */;
			targetProxy = 3D518BF023BF85180032B268 /* PBXContainerItemProxy */;
		};
/* End PBXTargetDependency section */

/* Begin PBXVariantGroup section */
		3D518BE723BF85180032B268 /* LaunchScreen.storyboard */ = {
			isa = PBXVariantGroup;
			children = (
				3D518BE823BF85180032B268 /* Base */,
			);
			name = LaunchScreen.storyboard;
			sourceTree = "<group>";
		};
/* End PBXVariantGroup section */

/* Begin XCBuildConfiguration section */
		3D518BF623BF85180032B268 /* Debug */ = {
			isa = XCBuildConfiguration;
			buildSettings = {
				ALWAYS_SEARCH_USER_PATHS = NO;
				CLANG_ANALYZER_NONNULL = YES;
				CLANG_ANALYZER_NUMBER_OBJECT_CONVERSION = YES_AGGRESSIVE;
				CLANG_CXX_LANGUAGE_STANDARD = "gnu++14";
				CLANG_CXX_LIBRARY = "libc++";
				CLANG_ENABLE_MODULES = YES;
				CLANG_ENABLE_OBJC_ARC = YES;
				CLANG_ENABLE_OBJC_WEAK = YES;
				CLANG_WARN_BLOCK_CAPTURE_AUTORELEASING = YES;
				CLANG_WARN_BOOL_CONVERSION = YES;
				CLANG_WARN_COMMA = YES;
				CLANG_WARN_CONSTANT_CONVERSION = YES;
				CLANG_WARN_DEPRECATED_OBJC_IMPLEMENTATIONS = YES;
				CLANG_WARN_DIRECT_OBJC_ISA_USAGE = YES_ERROR;
				CLANG_WARN_DOCUMENTATION_COMMENTS = YES;
				CLANG_WARN_EMPTY_BODY = YES;
				CLANG_WARN_ENUM_CONVERSION = YES;
				CLANG_WARN_INFINITE_RECURSION = YES;
				CLANG_WARN_INT_CONVERSION = YES;
				CLANG_WARN_NON_LITERAL_NULL_CONVERSION = YES;
				CLANG_WARN_OBJC_IMPLICIT_RETAIN_SELF = YES;
				CLANG_WARN_OBJC_LITERAL_CONVERSION = YES;
				CLANG_WARN_OBJC_ROOT_CLASS = YES_ERROR;
				CLANG_WARN_RANGE_LOOP_ANALYSIS = YES;
				CLANG_WARN_STRICT_PROTOTYPES = YES;
				CLANG_WARN_SUSPICIOUS_MOVE = YES;
				CLANG_WARN_UNGUARDED_AVAILABILITY = YES_AGGRESSIVE;
				CLANG_WARN_UNREACHABLE_CODE = YES;
				CLANG_WARN__DUPLICATE_METHOD_MATCH = YES;
				COPY_PHASE_STRIP = NO;
				DEBUG_INFORMATION_FORMAT = dwarf;
				ENABLE_STRICT_OBJC_MSGSEND = YES;
				ENABLE_TESTABILITY = YES;
				GCC_C_LANGUAGE_STANDARD = gnu11;
				GCC_DYNAMIC_NO_PIC = NO;
				GCC_NO_COMMON_BLOCKS = YES;
				GCC_OPTIMIZATION_LEVEL = 0;
				GCC_PREPROCESSOR_DEFINITIONS = (
					"DEBUG=1",
					"$(inherited)",
				);
				GCC_WARN_64_TO_32_BIT_CONVERSION = YES;
				GCC_WARN_ABOUT_RETURN_TYPE = YES_ERROR;
				GCC_WARN_UNDECLARED_SELECTOR = YES;
				GCC_WARN_UNINITIALIZED_AUTOS = YES_AGGRESSIVE;
				GCC_WARN_UNUSED_FUNCTION = YES;
				GCC_WARN_UNUSED_VARIABLE = YES;
				IPHONEOS_DEPLOYMENT_TARGET = 13.2;
				MTL_ENABLE_DEBUG_INFO = INCLUDE_SOURCE;
				MTL_FAST_MATH = YES;
				ONLY_ACTIVE_ARCH = YES;
				SDKROOT = iphoneos;
				SWIFT_ACTIVE_COMPILATION_CONDITIONS = DEBUG;
				SWIFT_OPTIMIZATION_LEVEL = "-Onone";
			};
			name = Debug;
		};
		3D518BF723BF85180032B268 /* Release */ = {
			isa = XCBuildConfiguration;
			buildSettings = {
				ALWAYS_SEARCH_USER_PATHS = NO;
				CLANG_ANALYZER_NONNULL = YES;
				CLANG_ANALYZER_NUMBER_OBJECT_CONVERSION = YES_AGGRESSIVE;
				CLANG_CXX_LANGUAGE_STANDARD = "gnu++14";
				CLANG_CXX_LIBRARY = "libc++";
				CLANG_ENABLE_MODULES = YES;
				CLANG_ENABLE_OBJC_ARC = YES;
				CLANG_ENABLE_OBJC_WEAK = YES;
				CLANG_WARN_BLOCK_CAPTURE_AUTORELEASING = YES;
				CLANG_WARN_BOOL_CONVERSION = YES;
				CLANG_WARN_COMMA = YES;
				CLANG_WARN_CONSTANT_CONVERSION = YES;
				CLANG_WARN_DEPRECATED_OBJC_IMPLEMENTATIONS = YES;
				CLANG_WARN_DIRECT_OBJC_ISA_USAGE = YES_ERROR;
				CLANG_WARN_DOCUMENTATION_COMMENTS = YES;
				CLANG_WARN_EMPTY_BODY = YES;
				CLANG_WARN_ENUM_CONVERSION = YES;
				CLANG_WARN_INFINITE_RECURSION = YES;
				CLANG_WARN_INT_CONVERSION = YES;
				CLANG_WARN_NON_LITERAL_NULL_CONVERSION = YES;
				CLANG_WARN_OBJC_IMPLICIT_RETAIN_SELF = YES;
				CLANG_WARN_OBJC_LITERAL_CONVERSION = YES;
				CLANG_WARN_OBJC_ROOT_CLASS = YES_ERROR;
				CLANG_WARN_RANGE_LOOP_ANALYSIS = YES;
				CLANG_WARN_STRICT_PROTOTYPES = YES;
				CLANG_WARN_SUSPICIOUS_MOVE = YES;
				CLANG_WARN_UNGUARDED_AVAILABILITY = YES_AGGRESSIVE;
				CLANG_WARN_UNREACHABLE_CODE = YES;
				CLANG_WARN__DUPLICATE_METHOD_MATCH = YES;
				COPY_PHASE_STRIP = NO;
				DEBUG_INFORMATION_FORMAT = "dwarf-with-dsym";
				ENABLE_NS_ASSERTIONS = NO;
				ENABLE_STRICT_OBJC_MSGSEND = YES;
				GCC_C_LANGUAGE_STANDARD = gnu11;
				GCC_NO_COMMON_BLOCKS = YES;
				GCC_WARN_64_TO_32_BIT_CONVERSION = YES;
				GCC_WARN_ABOUT_RETURN_TYPE = YES_ERROR;
				GCC_WARN_UNDECLARED_SELECTOR = YES;
				GCC_WARN_UNINITIALIZED_AUTOS = YES_AGGRESSIVE;
				GCC_WARN_UNUSED_FUNCTION = YES;
				GCC_WARN_UNUSED_VARIABLE = YES;
				IPHONEOS_DEPLOYMENT_TARGET = 13.2;
				MTL_ENABLE_DEBUG_INFO = NO;
				MTL_FAST_MATH = YES;
				SDKROOT = iphoneos;
				SWIFT_COMPILATION_MODE = wholemodule;
				SWIFT_OPTIMIZATION_LEVEL = "-O";
				VALIDATE_PRODUCT = YES;
			};
			name = Release;
		};
		3D518BF923BF85180032B268 /* Debug */ = {
			isa = XCBuildConfiguration;
			buildSettings = {
				ASSETCATALOG_COMPILER_APPICON_NAME = AppIcon;
				CODE_SIGN_STYLE = Automatic;
				DEVELOPMENT_ASSET_PATHS = "\"JumboProject/Preview Content\"";
				DEVELOPMENT_TEAM = DNPC864748;
				ENABLE_PREVIEWS = YES;
				INFOPLIST_FILE = JumboProject/Info.plist;
				LD_RUNPATH_SEARCH_PATHS = (
					"$(inherited)",
					"@executable_path/Frameworks",
				);
				PRODUCT_BUNDLE_IDENTIFIER = com.syanik.JumboProject;
				PRODUCT_NAME = "$(TARGET_NAME)";
				SWIFT_VERSION = 5.0;
				TARGETED_DEVICE_FAMILY = "1,2";
			};
			name = Debug;
		};
		3D518BFA23BF85180032B268 /* Release */ = {
			isa = XCBuildConfiguration;
			buildSettings = {
				ASSETCATALOG_COMPILER_APPICON_NAME = AppIcon;
				CODE_SIGN_STYLE = Automatic;
				DEVELOPMENT_ASSET_PATHS = "\"JumboProject/Preview Content\"";
				DEVELOPMENT_TEAM = DNPC864748;
				ENABLE_PREVIEWS = YES;
				INFOPLIST_FILE = JumboProject/Info.plist;
				LD_RUNPATH_SEARCH_PATHS = (
					"$(inherited)",
					"@executable_path/Frameworks",
				);
				PRODUCT_BUNDLE_IDENTIFIER = com.syanik.JumboProject;
				PRODUCT_NAME = "$(TARGET_NAME)";
				SWIFT_VERSION = 5.0;
				TARGETED_DEVICE_FAMILY = "1,2";
			};
			name = Release;
		};
		3D518BFC23BF85180032B268 /* Debug */ = {
			isa = XCBuildConfiguration;
			buildSettings = {
				ALWAYS_EMBED_SWIFT_STANDARD_LIBRARIES = YES;
				BUNDLE_LOADER = "$(TEST_HOST)";
				CODE_SIGN_STYLE = Automatic;
				DEVELOPMENT_TEAM = DNPC864748;
				INFOPLIST_FILE = JumboProjectTests/Info.plist;
				IPHONEOS_DEPLOYMENT_TARGET = 13.2;
				LD_RUNPATH_SEARCH_PATHS = (
					"$(inherited)",
					"@executable_path/Frameworks",
					"@loader_path/Frameworks",
				);
				PRODUCT_BUNDLE_IDENTIFIER = com.syanik.JumboProjectTests;
				PRODUCT_NAME = "$(TARGET_NAME)";
				SWIFT_VERSION = 5.0;
				TARGETED_DEVICE_FAMILY = "1,2";
				TEST_HOST = "$(BUILT_PRODUCTS_DIR)/JumboProject.app/JumboProject";
			};
			name = Debug;
		};
		3D518BFD23BF85180032B268 /* Release */ = {
			isa = XCBuildConfiguration;
			buildSettings = {
				ALWAYS_EMBED_SWIFT_STANDARD_LIBRARIES = YES;
				BUNDLE_LOADER = "$(TEST_HOST)";
				CODE_SIGN_STYLE = Automatic;
				DEVELOPMENT_TEAM = DNPC864748;
				INFOPLIST_FILE = JumboProjectTests/Info.plist;
				IPHONEOS_DEPLOYMENT_TARGET = 13.2;
				LD_RUNPATH_SEARCH_PATHS = (
					"$(inherited)",
					"@executable_path/Frameworks",
					"@loader_path/Frameworks",
				);
				PRODUCT_BUNDLE_IDENTIFIER = com.syanik.JumboProjectTests;
				PRODUCT_NAME = "$(TARGET_NAME)";
				SWIFT_VERSION = 5.0;
				TARGETED_DEVICE_FAMILY = "1,2";
				TEST_HOST = "$(BUILT_PRODUCTS_DIR)/JumboProject.app/JumboProject";
			};
			name = Release;
		};
/* End XCBuildConfiguration section */

/* Begin XCConfigurationList section */
		3D518BD423BF85150032B268 /* Build configuration list for PBXProject "JumboProject" */ = {
			isa = XCConfigurationList;
			buildConfigurations = (
				3D518BF623BF85180032B268 /* Debug */,
				3D518BF723BF85180032B268 /* Release */,
			);
			defaultConfigurationIsVisible = 0;
			defaultConfigurationName = Release;
		};
		3D518BF823BF85180032B268 /* Build configuration list for PBXNativeTarget "JumboProject" */ = {
			isa = XCConfigurationList;
			buildConfigurations = (
				3D518BF923BF85180032B268 /* Debug */,
				3D518BFA23BF85180032B268 /* Release */,
			);
			defaultConfigurationIsVisible = 0;
			defaultConfigurationName = Release;
		};
		3D518BFB23BF85180032B268 /* Build configuration list for PBXNativeTarget "JumboProjectTests" */ = {
			isa = XCConfigurationList;
			buildConfigurations = (
				3D518BFC23BF85180032B268 /* Debug */,
				3D518BFD23BF85180032B268 /* Release */,
			);
			defaultConfigurationIsVisible = 0;
			defaultConfigurationName = Release;
		};
/* End XCConfigurationList section */
	};
	rootObject = 3D518BD123BF85150032B268 /* Project object */;
}
